
Microsoft Visual Studio Solution File, Format Version 12.00
# Visual Studio Version 17
VisualStudioVersion = 17.13.35931.197 d17.13
MinimumVisualStudioVersion = 10.0.40219.1
Project("{FAE04EC0-301F-11D3-BF4B-00C04F79EFBC}") = "HolaMundo", "HolaMundo\HolaMundo.csproj", "{B79B6E4A-44C2-4C21-A72B-A9E8FCC9B20D}"
EndProject
Global
	GlobalSection(SolutionConfigurationPlatforms) = preSolution
		Debug|Any CPU = Debug|Any CPU
		Release|Any CPU = Release|Any CPU
	EndGlobalSection
	GlobalSection(ProjectConfigurationPlatforms) = postSolution
		{B79B6E4A-44C2-4C21-A72B-A9E8FCC9B20D}.Debug|Any CPU.ActiveCfg = Debug|Any CPU
		{B79B6E4A-44C2-4C21-A72B-A9E8FCC9B20D}.Debug|Any CPU.Build.0 = Debug|Any CPU
		{B79B6E4A-44C2-4C21-A72B-A9E8FCC9B20D}.Release|Any CPU.ActiveCfg = Release|Any CPU
		{B79B6E4A-44C2-4C21-A72B-A9E8FCC9B20D}.Release|Any CPU.Build.0 = Release|Any CPU
	EndGlobalSection
	GlobalSection(SolutionProperties) = preSolution
		HideSolutionNode = FALSE
	EndGlobalSection
	GlobalSection(ExtensibilityGlobals) = postSolution
		SolutionGuid = {5F4828D1-8B39-4828-B036-BF05C988345E}
	EndGlobalSection
EndGlobal
